
Microsoft Visual Studio Solution File, Format Version 12.00
# Visual Studio Version 17
VisualStudioVersion = 17.4.33205.214
MinimumVisualStudioVersion = 10.0.40219.1
Project("{9A19103F-16F7-4668-BE54-9A1E7A4F7556}") = "OpenERX.Test", "OpenERX.Test\OpenERX.Test.csproj", "{37A5470E-A760-4E16-B387-2BB873E92FDD}"
EndProject
Project("{9A19103F-16F7-4668-BE54-9A1E7A4F7556}") = "OpenERX.Commons", "OpenERX.Commons\OpenERX.Commons.csproj", "{2A9406B6-A844-4D8A-84A5-9CE698CBF2A3}"
EndProject
Project("{9A19103F-16F7-4668-BE54-9A1E7A4F7556}") = "OpenERX.Core", "OpenERX.Core\OpenERX.Core.csproj", "{E5526E44-3EEB-4D4A-AEC9-A8E8948546FA}"
EndProject
Project("{9A19103F-16F7-4668-BE54-9A1E7A4F7556}") = "OpenERX.Services", "OpenERX.Services\OpenERX.Services.csproj", "{B761F442-9CFB-4334-8E6E-A416277BAD44}"
EndProject
Project("{9A19103F-16F7-4668-BE54-9A1E7A4F7556}") = "OpenERX.Repositories", "OpenERX.Repositories\OpenERX.Repositories.csproj", "{D454B1F9-F71D-40C0-A432-98406D74A125}"
EndProject
Project("{9A19103F-16F7-4668-BE54-9A1E7A4F7556}") = "OpenERX.Dependencies", "OpenERX.Dependencies\OpenERX.Dependencies.csproj", "{D1E3E735-05A1-4CD4-B04F-7F2CE076B188}"
EndProject
Project("{2150E333-8FDC-42A3-9474-1A3956D46DE8}") = "001 - Core", "001 - Core", "{8739ACFD-3107-47BA-A8B4-5402FAFA9AA1}"
EndProject
Project("{2150E333-8FDC-42A3-9474-1A3956D46DE8}") = "002 - Shared", "002 - Shared", "{187876E8-1005-400A-835E-0133851F79BA}"
EndProject
Project("{2150E333-8FDC-42A3-9474-1A3956D46DE8}") = "009 - Dependencies", "009 - Dependencies", "{FEA7E1E5-BAAF-4805-A444-32FCE75616A7}"
EndProject
Project("{2150E333-8FDC-42A3-9474-1A3956D46DE8}") = "999 - Tests", "999 - Tests", "{70E4AD9C-19B1-4797-BF75-F94D9A761700}"
EndProject
Global
	GlobalSection(SolutionConfigurationPlatforms) = preSolution
		Debug|Any CPU = Debug|Any CPU
		Release|Any CPU = Release|Any CPU
	EndGlobalSection
	GlobalSection(ProjectConfigurationPlatforms) = postSolution
		{37A5470E-A760-4E16-B387-2BB873E92FDD}.Debug|Any CPU.ActiveCfg = Debug|Any CPU
		{37A5470E-A760-4E16-B387-2BB873E92FDD}.Debug|Any CPU.Build.0 = Debug|Any CPU
		{37A5470E-A760-4E16-B387-2BB873E92FDD}.Release|Any CPU.ActiveCfg = Release|Any CPU
		{37A5470E-A760-4E16-B387-2BB873E92FDD}.Release|Any CPU.Build.0 = Release|Any CPU
		{2A9406B6-A844-4D8A-84A5-9CE698CBF2A3}.Debug|Any CPU.ActiveCfg = Debug|Any CPU
		{2A9406B6-A844-4D8A-84A5-9CE698CBF2A3}.Debug|Any CPU.Build.0 = Debug|Any CPU
		{2A9406B6-A844-4D8A-84A5-9CE698CBF2A3}.Release|Any CPU.ActiveCfg = Release|Any CPU
		{2A9406B6-A844-4D8A-84A5-9CE698CBF2A3}.Release|Any CPU.Build.0 = Release|Any CPU
		{E5526E44-3EEB-4D4A-AEC9-A8E8948546FA}.Debug|Any CPU.ActiveCfg = Debug|Any CPU
		{E5526E44-3EEB-4D4A-AEC9-A8E8948546FA}.Debug|Any CPU.Build.0 = Debug|Any CPU
		{E5526E44-3EEB-4D4A-AEC9-A8E8948546FA}.Release|Any CPU.ActiveCfg = Release|Any CPU
		{E5526E44-3EEB-4D4A-AEC9-A8E8948546FA}.Release|Any CPU.Build.0 = Release|Any CPU
		{B761F442-9CFB-4334-8E6E-A416277BAD44}.Debug|Any CPU.ActiveCfg = Debug|Any CPU
		{B761F442-9CFB-4334-8E6E-A416277BAD44}.Debug|Any CPU.Build.0 = Debug|Any CPU
		{B761F442-9CFB-4334-8E6E-A416277BAD44}.Release|Any CPU.ActiveCfg = Release|Any CPU
		{B761F442-9CFB-4334-8E6E-A416277BAD44}.Release|Any CPU.Build.0 = Release|Any CPU
		{D454B1F9-F71D-40C0-A432-98406D74A125}.Debug|Any CPU.ActiveCfg = Debug|Any CPU
		{D454B1F9-F71D-40C0-A432-98406D74A125}.Debug|Any CPU.Build.0 = Debug|Any CPU
		{D454B1F9-F71D-40C0-A432-98406D74A125}.Release|Any CPU.ActiveCfg = Release|Any CPU
		{D454B1F9-F71D-40C0-A432-98406D74A125}.Release|Any CPU.Build.0 = Release|Any CPU
		{D1E3E735-05A1-4CD4-B04F-7F2CE076B188}.Debug|Any CPU.ActiveCfg = Debug|Any CPU
		{D1E3E735-05A1-4CD4-B04F-7F2CE076B188}.Debug|Any CPU.Build.0 = Debug|Any CPU
		{D1E3E735-05A1-4CD4-B04F-7F2CE076B188}.Release|Any CPU.ActiveCfg = Release|Any CPU
		{D1E3E735-05A1-4CD4-B04F-7F2CE076B188}.Release|Any CPU.Build.0 = Release|Any CPU
	EndGlobalSection
	GlobalSection(SolutionProperties) = preSolution
		HideSolutionNode = FALSE
	EndGlobalSection
	GlobalSection(NestedProjects) = preSolution
		{37A5470E-A760-4E16-B387-2BB873E92FDD} = {70E4AD9C-19B1-4797-BF75-F94D9A761700}
		{2A9406B6-A844-4D8A-84A5-9CE698CBF2A3} = {187876E8-1005-400A-835E-0133851F79BA}
		{E5526E44-3EEB-4D4A-AEC9-A8E8948546FA} = {8739ACFD-3107-47BA-A8B4-5402FAFA9AA1}
		{B761F442-9CFB-4334-8E6E-A416277BAD44} = {8739ACFD-3107-47BA-A8B4-5402FAFA9AA1}
		{D454B1F9-F71D-40C0-A432-98406D74A125} = {8739ACFD-3107-47BA-A8B4-5402FAFA9AA1}
		{D1E3E735-05A1-4CD4-B04F-7F2CE076B188} = {FEA7E1E5-BAAF-4805-A444-32FCE75616A7}
	EndGlobalSection
	GlobalSection(ExtensibilityGlobals) = postSolution
		SolutionGuid = {EACF960B-7CD9-4C29-B62B-04AA3512BE4C}
	EndGlobalSection
EndGlobal
